// !$*UTF8*$!
{
	archiveVersion = 1;
	classes = {
	};
	objectVersion = 46;
	objects = {

/* Begin PBXBuildFile section */
		795D32531D38ADBB00002BB5 /* Launch Screen.storyboard in Resources */ = {isa = PBXBuildFile; fileRef = 795D32521D38ADBB00002BB5 /* Launch Screen.storyboard */; };
		795D32C11D38CBCC00002BB5 /* libxml2.tbd in Frameworks */ = {isa = PBXBuildFile; fileRef = 795D32C01D38CBCC00002BB5 /* libxml2.tbd */; };
		795D32C31D38CBD500002BB5 /* libz.1.2.5.tbd in Frameworks */ = {isa = PBXBuildFile; fileRef = 795D32C21D38CBD500002BB5 /* libz.1.2.5.tbd */; };
		795D32C51D38CCD100002BB5 /* libSailsEngineSDK.a in Frameworks */ = {isa = PBXBuildFile; fileRef = 795D32C41D38CCD100002BB5 /* libSailsEngineSDK.a */; };
		E1FCF430196A7D5100A5C4B9 /* InfoPlist.strings in Resources */ = {isa = PBXBuildFile; fileRef = E1FCF42E196A7D5100A5C4B9 /* InfoPlist.strings */; };
		E1FCF432196A7D5100A5C4B9 /* main.m in Sources */ = {isa = PBXBuildFile; fileRef = E1FCF431196A7D5100A5C4B9 /* main.m */; };
		E1FCF436196A7D5100A5C4B9 /* AppDelegate.m in Sources */ = {isa = PBXBuildFile; fileRef = E1FCF435196A7D5100A5C4B9 /* AppDelegate.m */; };
		E1FCF438196A7D5100A5C4B9 /* Images.xcassets in Resources */ = {isa = PBXBuildFile; fileRef = E1FCF437196A7D5100A5C4B9 /* Images.xcassets */; };
		E1FCF449196A7D5100A5C4B9 /* InfoPlist.strings in Resources */ = {isa = PBXBuildFile; fileRef = E1FCF447196A7D5100A5C4B9 /* InfoPlist.strings */; };
		E1FCF44B196A7D5100A5C4B9 /* SailsSDKDemoTests.m in Sources */ = {isa = PBXBuildFile; fileRef = E1FCF44A196A7D5100A5C4B9 /* SailsSDKDemoTests.m */; };
		E1FCF46C196A8CA800A5C4B9 /* MapViewController.m in Sources */ = {isa = PBXBuildFile; fileRef = E1FCF46B196A8CA800A5C4B9 /* MapViewController.m */; };
/* End PBXBuildFile section */

/* Begin PBXContainerItemProxy section */
		E1FCF442196A7D5100A5C4B9 /* PBXContainerItemProxy */ = {
			isa = PBXContainerItemProxy;
			containerPortal = E1FCF41A196A7D5100A5C4B9 /* Project object */;
			proxyType = 1;
			remoteGlobalIDString = E1FCF421196A7D5100A5C4B9;
			remoteInfo = SailsSDKDemo;
		};
/* End PBXContainerItemProxy section */

/* Begin PBXFileReference section */
		795D32521D38ADBB00002BB5 /* Launch Screen.storyboard */ = {isa = PBXFileReference; fileEncoding = 4; lastKnownFileType = file.storyboard; path = "Launch Screen.storyboard"; sourceTree = "<group>"; };
		795D32C01D38CBCC00002BB5 /* libxml2.tbd */ = {isa = PBXFileReference; lastKnownFileType = "sourcecode.text-based-dylib-definition"; name = libxml2.tbd; path = usr/lib/libxml2.tbd; sourceTree = SDKROOT; };
		795D32C21D38CBD500002BB5 /* libz.1.2.5.tbd */ = {isa = PBXFileReference; lastKnownFileType = "sourcecode.text-based-dylib-definition"; name = libz.1.2.5.tbd; path = usr/lib/libz.1.2.5.tbd; sourceTree = SDKROOT; };
		795D32C41D38CCD100002BB5 /* libSailsEngineSDK.a */ = {isa = PBXFileReference; lastKnownFileType = archive.ar; name = libSailsEngineSDK.a; path = ../../../libSailsEngineSDK.a; sourceTree = "<group>"; };
		E1D035691A61CE2500EA8777 /* LocationRegion.h */ = {isa = PBXFileReference; lastKnownFileType = sourcecode.c.h; name = LocationRegion.h; path = SailsSDKDemo/include/LocationRegion.h; sourceTree = SOURCE_ROOT; };
		E1D0356A1A61CE2500EA8777 /* MarkerManager.h */ = {isa = PBXFileReference; lastKnownFileType = sourcecode.c.h; name = MarkerManager.h; path = SailsSDKDemo/include/MarkerManager.h; sourceTree = SOURCE_ROOT; };
		E1D0356B1A61CE2500EA8777 /* PathRoutingManager.h */ = {isa = PBXFileReference; lastKnownFileType = sourcecode.c.h; name = PathRoutingManager.h; path = SailsSDKDemo/include/PathRoutingManager.h; sourceTree = SOURCE_ROOT; };
		E1D0356C1A61CE2500EA8777 /* PinMarkerManager.h */ = {isa = PBXFileReference; lastKnownFileType = sourcecode.c.h; name = PinMarkerManager.h; path = SailsSDKDemo/include/PinMarkerManager.h; sourceTree = SOURCE_ROOT; };
		E1D0356D1A61CE2500EA8777 /* Sails.h */ = {isa = PBXFileReference; lastKnownFileType = sourcecode.c.h; name = Sails.h; path = SailsSDKDemo/include/Sails.h; sourceTree = SOURCE_ROOT; };
		E1D0356E1A61CE2500EA8777 /* SailsMapCommon.h */ = {isa = PBXFileReference; lastKnownFileType = sourcecode.c.h; name = SailsMapCommon.h; path = SailsSDKDemo/include/SailsMapCommon.h; sourceTree = SOURCE_ROOT; };
		E1FCF422196A7D5100A5C4B9 /* SailsSDKDemo.app */ = {isa = PBXFileReference; explicitFileType = wrapper.application; includeInIndex = 0; path = SailsSDKDemo.app; sourceTree = BUILT_PRODUCTS_DIR; };
		E1FCF42D196A7D5100A5C4B9 /* SailsSDKDemo-Info.plist */ = {isa = PBXFileReference; lastKnownFileType = text.plist.xml; path = "SailsSDKDemo-Info.plist"; sourceTree = "<group>"; };
		E1FCF42F196A7D5100A5C4B9 /* en */ = {isa = PBXFileReference; lastKnownFileType = text.plist.strings; name = en; path = en.lproj/InfoPlist.strings; sourceTree = "<group>"; };
		E1FCF431196A7D5100A5C4B9 /* main.m */ = {isa = PBXFileReference; lastKnownFileType = sourcecode.c.objc; path = main.m; sourceTree = "<group>"; };
		E1FCF433196A7D5100A5C4B9 /* SailsSDKDemo-Prefix.pch */ = {isa = PBXFileReference; lastKnownFileType = sourcecode.c.h; path = "SailsSDKDemo-Prefix.pch"; sourceTree = "<group>"; };
		E1FCF434196A7D5100A5C4B9 /* AppDelegate.h */ = {isa = PBXFileReference; lastKnownFileType = sourcecode.c.h; path = AppDelegate.h; sourceTree = "<group>"; };
		E1FCF435196A7D5100A5C4B9 /* AppDelegate.m */ = {isa = PBXFileReference; lastKnownFileType = sourcecode.c.objc; path = AppDelegate.m; sourceTree = "<group>"; };
		E1FCF437196A7D5100A5C4B9 /* Images.xcassets */ = {isa = PBXFileReference; lastKnownFileType = folder.assetcatalog; path = Images.xcassets; sourceTree = "<group>"; };
		E1FCF43D196A7D5100A5C4B9 /* SailsSDKDemoTests.xctest */ = {isa = PBXFileReference; explicitFileType = wrapper.cfbundle; includeInIndex = 0; path = SailsSDKDemoTests.xctest; sourceTree = BUILT_PRODUCTS_DIR; };
		E1FCF446196A7D5100A5C4B9 /* SailsSDKDemoTests-Info.plist */ = {isa = PBXFileReference; lastKnownFileType = text.plist.xml; path = "SailsSDKDemoTests-Info.plist"; sourceTree = "<group>"; };
		E1FCF448196A7D5100A5C4B9 /* en */ = {isa = PBXFileReference; lastKnownFileType = text.plist.strings; name = en; path = en.lproj/InfoPlist.strings; sourceTree = "<group>"; };
		E1FCF44A196A7D5100A5C4B9 /* SailsSDKDemoTests.m */ = {isa = PBXFileReference; lastKnownFileType = sourcecode.c.objc; path = SailsSDKDemoTests.m; sourceTree = "<group>"; };
		E1FCF46A196A8CA800A5C4B9 /* MapViewController.h */ = {isa = PBXFileReference; fileEncoding = 4; lastKnownFileType = sourcecode.c.h; path = MapViewController.h; sourceTree = "<group>"; };
		E1FCF46B196A8CA800A5C4B9 /* MapViewController.m */ = {isa = PBXFileReference; fileEncoding = 4; lastKnownFileType = sourcecode.c.objc; path = MapViewController.m; sourceTree = "<group>"; };
/* End PBXFileReference section */

/* Begin PBXFrameworksBuildPhase section */
		E1FCF41F196A7D5100A5C4B9 /* Frameworks */ = {
			isa = PBXFrameworksBuildPhase;
			buildActionMask = 2147483647;
			files = (
				795D32C51D38CCD100002BB5 /* libSailsEngineSDK.a in Frameworks */,
				795D32C31D38CBD500002BB5 /* libz.1.2.5.tbd in Frameworks */,
				795D32C11D38CBCC00002BB5 /* libxml2.tbd in Frameworks */,
			);
			runOnlyForDeploymentPostprocessing = 0;
		};
		E1FCF43A196A7D5100A5C4B9 /* Frameworks */ = {
			isa = PBXFrameworksBuildPhase;
			buildActionMask = 2147483647;
			files = (
			);
			runOnlyForDeploymentPostprocessing = 0;
		};
/* End PBXFrameworksBuildPhase section */

/* Begin PBXGroup section */
		E17930F11993765F006525DE /* include */ = {
			isa = PBXGroup;
			children = (
				E1D035691A61CE2500EA8777 /* LocationRegion.h */,
				E1D0356A1A61CE2500EA8777 /* MarkerManager.h */,
				E1D0356B1A61CE2500EA8777 /* PathRoutingManager.h */,
				E1D0356C1A61CE2500EA8777 /* PinMarkerManager.h */,
				E1D0356D1A61CE2500EA8777 /* Sails.h */,
				E1D0356E1A61CE2500EA8777 /* SailsMapCommon.h */,
			);
			path = include;
			sourceTree = "<group>";
		};
		E1FCF419196A7D5100A5C4B9 = {
			isa = PBXGroup;
			children = (
				E1FCF42B196A7D5100A5C4B9 /* SailsSDKDemo */,
				E1FCF444196A7D5100A5C4B9 /* SailsSDKDemoTests */,
				E1FCF423196A7D5100A5C4B9 /* Products */,
			);
			sourceTree = "<group>";
		};
		E1FCF423196A7D5100A5C4B9 /* Products */ = {
			isa = PBXGroup;
			children = (
				E1FCF422196A7D5100A5C4B9 /* SailsSDKDemo.app */,
				E1FCF43D196A7D5100A5C4B9 /* SailsSDKDemoTests.xctest */,
			);
			name = Products;
			sourceTree = "<group>";
		};
		E1FCF42B196A7D5100A5C4B9 /* SailsSDKDemo */ = {
			isa = PBXGroup;
			children = (
				E1FCF434196A7D5100A5C4B9 /* AppDelegate.h */,
				E1FCF435196A7D5100A5C4B9 /* AppDelegate.m */,
				E1FCF46A196A8CA800A5C4B9 /* MapViewController.h */,
				E1FCF46B196A8CA800A5C4B9 /* MapViewController.m */,
				E1FCF437196A7D5100A5C4B9 /* Images.xcassets */,
				795D32521D38ADBB00002BB5 /* Launch Screen.storyboard */,
				E17930F11993765F006525DE /* include */,
				E1FCF467196A7FB900A5C4B9 /* lib */,
				E1FCF42C196A7D5100A5C4B9 /* Supporting Files */,
			);
			path = SailsSDKDemo;
			sourceTree = "<group>";
		};
		E1FCF42C196A7D5100A5C4B9 /* Supporting Files */ = {
			isa = PBXGroup;
			children = (
				E1FCF42D196A7D5100A5C4B9 /* SailsSDKDemo-Info.plist */,
				E1FCF42E196A7D5100A5C4B9 /* InfoPlist.strings */,
				E1FCF431196A7D5100A5C4B9 /* main.m */,
				E1FCF433196A7D5100A5C4B9 /* SailsSDKDemo-Prefix.pch */,
			);
			name = "Supporting Files";
			sourceTree = "<group>";
		};
		E1FCF444196A7D5100A5C4B9 /* SailsSDKDemoTests */ = {
			isa = PBXGroup;
			children = (
				E1FCF44A196A7D5100A5C4B9 /* SailsSDKDemoTests.m */,
				E1FCF445196A7D5100A5C4B9 /* Supporting Files */,
			);
			path = SailsSDKDemoTests;
			sourceTree = "<group>";
		};
		E1FCF445196A7D5100A5C4B9 /* Supporting Files */ = {
			isa = PBXGroup;
			children = (
				E1FCF446196A7D5100A5C4B9 /* SailsSDKDemoTests-Info.plist */,
				E1FCF447196A7D5100A5C4B9 /* InfoPlist.strings */,
			);
			name = "Supporting Files";
			sourceTree = "<group>";
		};
		E1FCF467196A7FB900A5C4B9 /* lib */ = {
			isa = PBXGroup;
			children = (
				795D32C21D38CBD500002BB5 /* libz.1.2.5.tbd */,
				795D32C01D38CBCC00002BB5 /* libxml2.tbd */,
				795D32C41D38CCD100002BB5 /* libSailsEngineSDK.a */,
			);
			path = lib;
			sourceTree = "<group>";
		};
/* End PBXGroup section */

/* Begin PBXNativeTarget section */
		E1FCF421196A7D5100A5C4B9 /* SailsSDKDemo */ = {
			isa = PBXNativeTarget;
			buildConfigurationList = E1FCF44E196A7D5100A5C4B9 /* Build configuration list for PBXNativeTarget "SailsSDKDemo" */;
			buildPhases = (
				E1FCF41E196A7D5100A5C4B9 /* Sources */,
				E1FCF41F196A7D5100A5C4B9 /* Frameworks */,
				E1FCF420196A7D5100A5C4B9 /* Resources */,
			);
			buildRules = (
			);
			dependencies = (
			);
			name = SailsSDKDemo;
			productName = SailsSDKDemo;
			productReference = E1FCF422196A7D5100A5C4B9 /* SailsSDKDemo.app */;
			productType = "com.apple.product-type.application";
		};
		E1FCF43C196A7D5100A5C4B9 /* SailsSDKDemoTests */ = {
			isa = PBXNativeTarget;
			buildConfigurationList = E1FCF451196A7D5100A5C4B9 /* Build configuration list for PBXNativeTarget "SailsSDKDemoTests" */;
			buildPhases = (
				E1FCF439196A7D5100A5C4B9 /* Sources */,
				E1FCF43A196A7D5100A5C4B9 /* Frameworks */,
				E1FCF43B196A7D5100A5C4B9 /* Resources */,
			);
			buildRules = (
			);
			dependencies = (
				E1FCF443196A7D5100A5C4B9 /* PBXTargetDependency */,
			);
			name = SailsSDKDemoTests;
			productName = SailsSDKDemoTests;
			productReference = E1FCF43D196A7D5100A5C4B9 /* SailsSDKDemoTests.xctest */;
			productType = "com.apple.product-type.bundle.unit-test";
		};
/* End PBXNativeTarget section */

/* Begin PBXProject section */
		E1FCF41A196A7D5100A5C4B9 /* Project object */ = {
			isa = PBXProject;
			attributes = {
				LastUpgradeCheck = 0510;
				ORGANIZATIONNAME = Robert.Hsueh;
				TargetAttributes = {
					E1FCF43C196A7D5100A5C4B9 = {
						TestTargetID = E1FCF421196A7D5100A5C4B9;
					};
				};
			};
			buildConfigurationList = E1FCF41D196A7D5100A5C4B9 /* Build configuration list for PBXProject "SailsSDKDemo" */;
			compatibilityVersion = "Xcode 3.2";
			developmentRegion = English;
			hasScannedForEncodings = 0;
			knownRegions = (
				en,
			);
			mainGroup = E1FCF419196A7D5100A5C4B9;
			productRefGroup = E1FCF423196A7D5100A5C4B9 /* Products */;
			projectDirPath = "";
			projectRoot = "";
			targets = (
				E1FCF421196A7D5100A5C4B9 /* SailsSDKDemo */,
				E1FCF43C196A7D5100A5C4B9 /* SailsSDKDemoTests */,
			);
		};
/* End PBXProject section */

/* Begin PBXResourcesBuildPhase section */
		E1FCF420196A7D5100A5C4B9 /* Resources */ = {
			isa = PBXResourcesBuildPhase;
			buildActionMask = 2147483647;
			files = (
				795D32531D38ADBB00002BB5 /* Launch Screen.storyboard in Resources */,
				E1FCF430196A7D5100A5C4B9 /* InfoPlist.strings in Resources */,
				E1FCF438196A7D5100A5C4B9 /* Images.xcassets in Resources */,
			);
			runOnlyForDeploymentPostprocessing = 0;
		};
		E1FCF43B196A7D5100A5C4B9 /* Resources */ = {
			isa = PBXResourcesBuildPhase;
			buildActionMask = 2147483647;
			files = (
				E1FCF449196A7D5100A5C4B9 /* InfoPlist.strings in Resources */,
			);
			runOnlyForDeploymentPostprocessing = 0;
		};
/* End PBXResourcesBuildPhase section */

/* Begin PBXSourcesBuildPhase section */
		E1FCF41E196A7D5100A5C4B9 /* Sources */ = {
			isa = PBXSourcesBuildPhase;
			buildActionMask = 2147483647;
			files = (
				E1FCF46C196A8CA800A5C4B9 /* MapViewController.m in Sources */,
				E1FCF436196A7D5100A5C4B9 /* AppDelegate.m in Sources */,
				E1FCF432196A7D5100A5C4B9 /* main.m in Sources */,
			);
			runOnlyForDeploymentPostprocessing = 0;
		};
		E1FCF439196A7D5100A5C4B9 /* Sources */ = {
			isa = PBXSourcesBuildPhase;
			buildActionMask = 2147483647;
			files = (
				E1FCF44B196A7D5100A5C4B9 /* SailsSDKDemoTests.m in Sources */,
			);
			runOnlyForDeploymentPostprocessing = 0;
		};
/* End PBXSourcesBuildPhase section */

/* Begin PBXTargetDependency section */
		E1FCF443196A7D5100A5C4B9 /* PBXTargetDependency */ = {
			isa = PBXTargetDependency;
			target = E1FCF421196A7D5100A5C4B9 /* SailsSDKDemo */;
			targetProxy = E1FCF442196A7D5100A5C4B9 /* PBXContainerItemProxy */;
		};
/* End PBXTargetDependency section */

/* Begin PBXVariantGroup section */
		E1FCF42E196A7D5100A5C4B9 /* InfoPlist.strings */ = {
			isa = PBXVariantGroup;
			children = (
				E1FCF42F196A7D5100A5C4B9 /* en */,
			);
			name = InfoPlist.strings;
			sourceTree = "<group>";
		};
		E1FCF447196A7D5100A5C4B9 /* InfoPlist.strings */ = {
			isa = PBXVariantGroup;
			children = (
				E1FCF448196A7D5100A5C4B9 /* en */,
			);
			name = InfoPlist.strings;
			sourceTree = "<group>";
		};
/* End PBXVariantGroup section */

/* Begin XCBuildConfiguration section */
		E1FCF44C196A7D5100A5C4B9 /* Debug */ = {
			isa = XCBuildConfiguration;
			buildSettings = {
				ALWAYS_SEARCH_USER_PATHS = NO;
				CLANG_CXX_LANGUAGE_STANDARD = "gnu++0x";
				CLANG_CXX_LIBRARY = "libc++";
				CLANG_ENABLE_MODULES = YES;
				CLANG_ENABLE_OBJC_ARC = YES;
				CLANG_WARN_BOOL_CONVERSION = YES;
				CLANG_WARN_CONSTANT_CONVERSION = YES;
				CLANG_WARN_DIRECT_OBJC_ISA_USAGE = YES_ERROR;
				CLANG_WARN_EMPTY_BODY = YES;
				CLANG_WARN_ENUM_CONVERSION = YES;
				CLANG_WARN_INT_CONVERSION = YES;
				CLANG_WARN_OBJC_ROOT_CLASS = YES_ERROR;
				CLANG_WARN__DUPLICATE_METHOD_MATCH = YES;
				"CODE_SIGN_IDENTITY[sdk=iphoneos*]" = "iPhone Developer";
				COPY_PHASE_STRIP = NO;
				GCC_C_LANGUAGE_STANDARD = gnu99;
				GCC_DYNAMIC_NO_PIC = NO;
				GCC_OPTIMIZATION_LEVEL = 0;
				GCC_PREPROCESSOR_DEFINITIONS = (
					"DEBUG=1",
					"$(inherited)",
				);
				GCC_SYMBOLS_PRIVATE_EXTERN = NO;
				GCC_WARN_64_TO_32_BIT_CONVERSION = YES;
				GCC_WARN_ABOUT_RETURN_TYPE = YES_ERROR;
				GCC_WARN_UNDECLARED_SELECTOR = YES;
				GCC_WARN_UNINITIALIZED_AUTOS = YES_AGGRESSIVE;
				GCC_WARN_UNUSED_FUNCTION = YES;
				GCC_WARN_UNUSED_VARIABLE = YES;
				IPHONEOS_DEPLOYMENT_TARGET = 8.1;
				ONLY_ACTIVE_ARCH = YES;
				SDKROOT = iphoneos;
			};
			name = Debug;
		};
		E1FCF44D196A7D5100A5C4B9 /* Release */ = {
			isa = XCBuildConfiguration;
			buildSettings = {
				ALWAYS_SEARCH_USER_PATHS = NO;
				CLANG_CXX_LANGUAGE_STANDARD = "gnu++0x";
				CLANG_CXX_LIBRARY = "libc++";
				CLANG_ENABLE_MODULES = YES;
				CLANG_ENABLE_OBJC_ARC = YES;
				CLANG_WARN_BOOL_CONVERSION = YES;
				CLANG_WARN_CONSTANT_CONVERSION = YES;
				CLANG_WARN_DIRECT_OBJC_ISA_USAGE = YES_ERROR;
				CLANG_WARN_EMPTY_BODY = YES;
				CLANG_WARN_ENUM_CONVERSION = YES;
				CLANG_WARN_INT_CONVERSION = YES;
				CLANG_WARN_OBJC_ROOT_CLASS = YES_ERROR;
				CLANG_WARN__DUPLICATE_METHOD_MATCH = YES;
				"CODE_SIGN_IDENTITY[sdk=iphoneos*]" = "iPhone Developer";
				COPY_PHASE_STRIP = YES;
				ENABLE_NS_ASSERTIONS = NO;
				GCC_C_LANGUAGE_STANDARD = gnu99;
				GCC_WARN_64_TO_32_BIT_CONVERSION = YES;
				GCC_WARN_ABOUT_RETURN_TYPE = YES_ERROR;
				GCC_WARN_UNDECLARED_SELECTOR = YES;
				GCC_WARN_UNINITIALIZED_AUTOS = YES_AGGRESSIVE;
				GCC_WARN_UNUSED_FUNCTION = YES;
				GCC_WARN_UNUSED_VARIABLE = YES;
				IPHONEOS_DEPLOYMENT_TARGET = 8.1;
				SDKROOT = iphoneos;
				VALIDATE_PRODUCT = YES;
			};
			name = Release;
		};
		E1FCF44F196A7D5100A5C4B9 /* Debug */ = {
			isa = XCBuildConfiguration;
			buildSettings = {
				ASSETCATALOG_COMPILER_APPICON_NAME = AppIcon;
				ASSETCATALOG_COMPILER_LAUNCHIMAGE_NAME = "Brand Assets";
				GCC_PRECOMPILE_PREFIX_HEADER = YES;
				GCC_PREFIX_HEADER = "SailsSDKDemo/SailsSDKDemo-Prefix.pch";
				HEADER_SEARCH_PATHS = (
					"$(inherited)",
					/Applications/Xcode.app/Contents/Developer/Toolchains/XcodeDefault.xctoolchain/usr/include,
					/usr/include/libxml2,
				);
				INFOPLIST_FILE = "SailsSDKDemo/SailsSDKDemo-Info.plist";
				IPHONEOS_DEPLOYMENT_TARGET = 9.3;
				LIBRARY_SEARCH_PATHS = (
					"$(inherited)",
					"$(PROJECT_DIR)/SailsSDKDemo/lib",
				);
				OTHER_LDFLAGS = "-lxml2";
				PRODUCT_NAME = "$(TARGET_NAME)";
				WRAPPER_EXTENSION = app;
			};
			name = Debug;
		};
		E1FCF450196A7D5100A5C4B9 /* Release */ = {
			isa = XCBuildConfiguration;
			buildSettings = {
				ASSETCATALOG_COMPILER_APPICON_NAME = AppIcon;
				ASSETCATALOG_COMPILER_LAUNCHIMAGE_NAME = "Brand Assets";
				GCC_PRECOMPILE_PREFIX_HEADER = YES;
				GCC_PREFIX_HEADER = "SailsSDKDemo/SailsSDKDemo-Prefix.pch";
				HEADER_SEARCH_PATHS = (
					"$(inherited)",
					/Applications/Xcode.app/Contents/Developer/Toolchains/XcodeDefault.xctoolchain/usr/include,
					/usr/include/libxml2,
				);
				INFOPLIST_FILE = "SailsSDKDemo/SailsSDKDemo-Info.plist";
				IPHONEOS_DEPLOYMENT_TARGET = 9.3;
				LIBRARY_SEARCH_PATHS = (
					"$(inherited)",
					"$(PROJECT_DIR)/SailsSDKDemo/lib",
				);
				OTHER_LDFLAGS = "-lxml2";
				PRODUCT_NAME = "$(TARGET_NAME)";
				WRAPPER_EXTENSION = app;
			};
			name = Release;
		};
		E1FCF452196A7D5100A5C4B9 /* Debug */ = {
			isa = XCBuildConfiguration;
			buildSettings = {
				BUNDLE_LOADER = "$(BUILT_PRODUCTS_DIR)/SailsSDKDemo.app/SailsSDKDemo";
				FRAMEWORK_SEARCH_PATHS = (
					"$(SDKROOT)/Developer/Library/Frameworks",
					"$(inherited)",
					"$(DEVELOPER_FRAMEWORKS_DIR)",
				);
				GCC_PRECOMPILE_PREFIX_HEADER = YES;
				GCC_PREFIX_HEADER = "SailsSDKDemo/SailsSDKDemo-Prefix.pch";
				GCC_PREPROCESSOR_DEFINITIONS = (
					"DEBUG=1",
					"$(inherited)",
				);
				INFOPLIST_FILE = "SailsSDKDemoTests/SailsSDKDemoTests-Info.plist";
				PRODUCT_NAME = "$(TARGET_NAME)";
				TEST_HOST = "$(BUNDLE_LOADER)";
				WRAPPER_EXTENSION = xctest;
			};
			name = Debug;
		};
		E1FCF453196A7D5100A5C4B9 /* Release */ = {
			isa = XCBuildConfiguration;
			buildSettings = {
				BUNDLE_LOADER = "$(BUILT_PRODUCTS_DIR)/SailsSDKDemo.app/SailsSDKDemo";
				FRAMEWORK_SEARCH_PATHS = (
					"$(SDKROOT)/Developer/Library/Frameworks",
					"$(inherited)",
					"$(DEVELOPER_FRAMEWORKS_DIR)",
				);
				GCC_PRECOMPILE_PREFIX_HEADER = YES;
				GCC_PREFIX_HEADER = "SailsSDKDemo/SailsSDKDemo-Prefix.pch";
				INFOPLIST_FILE = "SailsSDKDemoTests/SailsSDKDemoTests-Info.plist";
				PRODUCT_NAME = "$(TARGET_NAME)";
				TEST_HOST = "$(BUNDLE_LOADER)";
				WRAPPER_EXTENSION = xctest;
			};
			name = Release;
		};
/* End XCBuildConfiguration section */

/* Begin XCConfigurationList section */
		E1FCF41D196A7D5100A5C4B9 /* Build configuration list for PBXProject "SailsSDKDemo" */ = {
			isa = XCConfigurationList;
			buildConfigurations = (
				E1FCF44C196A7D5100A5C4B9 /* Debug */,
				E1FCF44D196A7D5100A5C4B9 /* Release */,
			);
			defaultConfigurationIsVisible = 0;
			defaultConfigurationName = Release;
		};
		E1FCF44E196A7D5100A5C4B9 /* Build configuration list for PBXNativeTarget "SailsSDKDemo" */ = {
			isa = XCConfigurationList;
			buildConfigurations = (
				E1FCF44F196A7D5100A5C4B9 /* Debug */,
				E1FCF450196A7D5100A5C4B9 /* Release */,
			);
			defaultConfigurationIsVisible = 0;
			defaultConfigurationName = Release;
		};
		E1FCF451196A7D5100A5C4B9 /* Build configuration list for PBXNativeTarget "SailsSDKDemoTests" */ = {
			isa = XCConfigurationList;
			buildConfigurations = (
				E1FCF452196A7D5100A5C4B9 /* Debug */,
				E1FCF453196A7D5100A5C4B9 /* Release */,
			);
			defaultConfigurationIsVisible = 0;
			defaultConfigurationName = Release;
		};
/* End XCConfigurationList section */
	};
	rootObject = E1FCF41A196A7D5100A5C4B9 /* Project object */;
}
